// !$*UTF8*$!
{
	archiveVersion = 1;
	classes = {
	};
	objectVersion = 46;
	objects = {

/* Begin PBXBuildFile section */
		01CFE4DC18A60B7D00CFD739 /* Foundation.framework in Frameworks */ = {isa = PBXBuildFile; fileRef = 01CFE4DB18A60B7D00CFD739 /* Foundation.framework */; };
		01CFE4DE18A60B7D00CFD739 /* CoreGraphics.framework in Frameworks */ = {isa = PBXBuildFile; fileRef = 01CFE4DD18A60B7D00CFD739 /* CoreGraphics.framework */; };
		01CFE4E018A60B7D00CFD739 /* UIKit.framework in Frameworks */ = {isa = PBXBuildFile; fileRef = 01CFE4DF18A60B7D00CFD739 /* UIKit.framework */; };
		01CFE4E618A60B7D00CFD739 /* InfoPlist.strings in Resources */ = {isa = PBXBuildFile; fileRef = 01CFE4E418A60B7D00CFD739 /* InfoPlist.strings */; };
		01CFE4E818A60B7D00CFD739 /* main.m in Sources */ = {isa = PBXBuildFile; fileRef = 01CFE4E718A60B7D00CFD739 /* main.m */; };
		01CFE4EC18A60B7D00CFD739 /* AppDelegate.m in Sources */ = {isa = PBXBuildFile; fileRef = 01CFE4EB18A60B7D00CFD739 /* AppDelegate.m */; };
		01CFE4EF18A60B7D00CFD739 /* Main.storyboard in Resources */ = {isa = PBXBuildFile; fileRef = 01CFE4ED18A60B7D00CFD739 /* Main.storyboard */; };
		01CFE4F218A60B7D00CFD739 /* ViewController.m in Sources */ = {isa = PBXBuildFile; fileRef = 01CFE4F118A60B7D00CFD739 /* ViewController.m */; };
		01CFE4F418A60B7D00CFD739 /* Images.xcassets in Resources */ = {isa = PBXBuildFile; fileRef = 01CFE4F318A60B7D00CFD739 /* Images.xcassets */; };
		01CFE4FB18A60B7D00CFD739 /* XCTest.framework in Frameworks */ = {isa = PBXBuildFile; fileRef = 01CFE4FA18A60B7D00CFD739 /* XCTest.framework */; };
		01CFE4FC18A60B7D00CFD739 /* Foundation.framework in Frameworks */ = {isa = PBXBuildFile; fileRef = 01CFE4DB18A60B7D00CFD739 /* Foundation.framework */; };
		01CFE4FD18A60B7D00CFD739 /* UIKit.framework in Frameworks */ = {isa = PBXBuildFile; fileRef = 01CFE4DF18A60B7D00CFD739 /* UIKit.framework */; };
		01CFE50518A60B7D00CFD739 /* InfoPlist.strings in Resources */ = {isa = PBXBuildFile; fileRef = 01CFE50318A60B7D00CFD739 /* InfoPlist.strings */; };
		01CFE50718A60B7D00CFD739 /* YoutubePlayerTests.m in Sources */ = {isa = PBXBuildFile; fileRef = 01CFE50618A60B7D00CFD739 /* YoutubePlayerTests.m */; };
/* End PBXBuildFile section */

/* Begin PBXContainerItemProxy section */
		01CFE4FE18A60B7D00CFD739 /* PBXContainerItemProxy */ = {
			isa = PBXContainerItemProxy;
			containerPortal = 01CFE4D018A60B7C00CFD739 /* Project object */;
			proxyType = 1;
			remoteGlobalIDString = 01CFE4D718A60B7C00CFD739;
			remoteInfo = YoutubePlayer;
		};
/* End PBXContainerItemProxy section */

/* Begin PBXFileReference section */
		01CFE4D818A60B7D00CFD739 /* YoutubePlayer.app */ = {isa = PBXFileReference; explicitFileType = wrapper.application; includeInIndex = 0; path = YoutubePlayer.app; sourceTree = BUILT_PRODUCTS_DIR; };
		01CFE4DB18A60B7D00CFD739 /* Foundation.framework */ = {isa = PBXFileReference; lastKnownFileType = wrapper.framework; name = Foundation.framework; path = System/Library/Frameworks/Foundation.framework; sourceTree = SDKROOT; };
		01CFE4DD18A60B7D00CFD739 /* CoreGraphics.framework */ = {isa = PBXFileReference; lastKnownFileType = wrapper.framework; name = CoreGraphics.framework; path = System/Library/Frameworks/CoreGraphics.framework; sourceTree = SDKROOT; };
		01CFE4DF18A60B7D00CFD739 /* UIKit.framework */ = {isa = PBXFileReference; lastKnownFileType = wrapper.framework; name = UIKit.framework; path = System/Library/Frameworks/UIKit.framework; sourceTree = SDKROOT; };
		01CFE4E318A60B7D00CFD739 /* YoutubePlayer-Info.plist */ = {isa = PBXFileReference; lastKnownFileType = text.plist.xml; path = "YoutubePlayer-Info.plist"; sourceTree = "<group>"; };
		01CFE4E518A60B7D00CFD739 /* en */ = {isa = PBXFileReference; lastKnownFileType = text.plist.strings; name = en; path = en.lproj/InfoPlist.strings; sourceTree = "<group>"; };
		01CFE4E718A60B7D00CFD739 /* main.m */ = {isa = PBXFileReference; lastKnownFileType = sourcecode.c.objc; path = main.m; sourceTree = "<group>"; };
		01CFE4E918A60B7D00CFD739 /* YoutubePlayer-Prefix.pch */ = {isa = PBXFileReference; lastKnownFileType = sourcecode.c.h; path = "YoutubePlayer-Prefix.pch"; sourceTree = "<group>"; };
		01CFE4EA18A60B7D00CFD739 /* AppDelegate.h */ = {isa = PBXFileReference; lastKnownFileType = sourcecode.c.h; path = AppDelegate.h; sourceTree = "<group>"; };
		01CFE4EB18A60B7D00CFD739 /* AppDelegate.m */ = {isa = PBXFileReference; lastKnownFileType = sourcecode.c.objc; path = AppDelegate.m; sourceTree = "<group>"; };
		01CFE4EE18A60B7D00CFD739 /* Base */ = {isa = PBXFileReference; lastKnownFileType = file.storyboard; name = Base; path = Base.lproj/Main.storyboard; sourceTree = "<group>"; };
		01CFE4F018A60B7D00CFD739 /* ViewController.h */ = {isa = PBXFileReference; lastKnownFileType = sourcecode.c.h; path = ViewController.h; sourceTree = "<group>"; };
		01CFE4F118A60B7D00CFD739 /* ViewController.m */ = {isa = PBXFileReference; lastKnownFileType = sourcecode.c.objc; path = ViewController.m; sourceTree = "<group>"; };
		01CFE4F318A60B7D00CFD739 /* Images.xcassets */ = {isa = PBXFileReference; lastKnownFileType = folder.assetcatalog; path = Images.xcassets; sourceTree = "<group>"; };
		01CFE4F918A60B7D00CFD739 /* YoutubePlayerTests.xctest */ = {isa = PBXFileReference; explicitFileType = wrapper.cfbundle; includeInIndex = 0; path = YoutubePlayerTests.xctest; sourceTree = BUILT_PRODUCTS_DIR; };
		01CFE4FA18A60B7D00CFD739 /* XCTest.framework */ = {isa = PBXFileReference; lastKnownFileType = wrapper.framework; name = XCTest.framework; path = Library/Frameworks/XCTest.framework; sourceTree = DEVELOPER_DIR; };
		01CFE50218A60B7D00CFD739 /* YoutubePlayerTests-Info.plist */ = {isa = PBXFileReference; lastKnownFileType = text.plist.xml; path = "YoutubePlayerTests-Info.plist"; sourceTree = "<group>"; };
		01CFE50418A60B7D00CFD739 /* en */ = {isa = PBXFileReference; lastKnownFileType = text.plist.strings; name = en; path = en.lproj/InfoPlist.strings; sourceTree = "<group>"; };
		01CFE50618A60B7D00CFD739 /* YoutubePlayerTests.m */ = {isa = PBXFileReference; lastKnownFileType = sourcecode.c.objc; path = YoutubePlayerTests.m; sourceTree = "<group>"; };
/* End PBXFileReference section */

/* Begin PBXFrameworksBuildPhase section */
		01CFE4D518A60B7C00CFD739 /* Frameworks */ = {
			isa = PBXFrameworksBuildPhase;
			buildActionMask = 2147483647;
			files = (
				01CFE4DE18A60B7D00CFD739 /* CoreGraphics.framework in Frameworks */,
				01CFE4E018A60B7D00CFD739 /* UIKit.framework in Frameworks */,
				01CFE4DC18A60B7D00CFD739 /* Foundation.framework in Frameworks */,
			);
			runOnlyForDeploymentPostprocessing = 0;
		};
		01CFE4F618A60B7D00CFD739 /* Frameworks */ = {
			isa = PBXFrameworksBuildPhase;
			buildActionMask = 2147483647;
			files = (
				01CFE4FB18A60B7D00CFD739 /* XCTest.framework in Frameworks */,
				01CFE4FD18A60B7D00CFD739 /* UIKit.framework in Frameworks */,
				01CFE4FC18A60B7D00CFD739 /* Foundation.framework in Frameworks */,
			);
			runOnlyForDeploymentPostprocessing = 0;
		};
/* End PBXFrameworksBuildPhase section */

/* Begin PBXGroup section */
		01CFE4CF18A60B7C00CFD739 = {
			isa = PBXGroup;
			children = (
				01CFE4E118A60B7D00CFD739 /* YoutubePlayer */,
				01CFE50018A60B7D00CFD739 /* YoutubePlayerTests */,
				01CFE4DA18A60B7D00CFD739 /* Frameworks */,
				01CFE4D918A60B7D00CFD739 /* Products */,
			);
			sourceTree = "<group>";
		};
		01CFE4D918A60B7D00CFD739 /* Products */ = {
			isa = PBXGroup;
			children = (
				01CFE4D818A60B7D00CFD739 /* YoutubePlayer.app */,
				01CFE4F918A60B7D00CFD739 /* YoutubePlayerTests.xctest */,
			);
			name = Products;
			sourceTree = "<group>";
		};
		01CFE4DA18A60B7D00CFD739 /* Frameworks */ = {
			isa = PBXGroup;
			children = (
				01CFE4DB18A60B7D00CFD739 /* Foundation.framework */,
				01CFE4DD18A60B7D00CFD739 /* CoreGraphics.framework */,
				01CFE4DF18A60B7D00CFD739 /* UIKit.framework */,
				01CFE4FA18A60B7D00CFD739 /* XCTest.framework */,
			);
			name = Frameworks;
			sourceTree = "<group>";
		};
		01CFE4E118A60B7D00CFD739 /* YoutubePlayer */ = {
			isa = PBXGroup;
			children = (
				01CFE4EA18A60B7D00CFD739 /* AppDelegate.h */,
				01CFE4EB18A60B7D00CFD739 /* AppDelegate.m */,
				01CFE4ED18A60B7D00CFD739 /* Main.storyboard */,
				01CFE4F018A60B7D00CFD739 /* ViewController.h */,
				01CFE4F118A60B7D00CFD739 /* ViewController.m */,
				01CFE4F318A60B7D00CFD739 /* Images.xcassets */,
				01CFE4E218A60B7D00CFD739 /* Supporting Files */,
			);
			path = YoutubePlayer;
			sourceTree = "<group>";
		};
		01CFE4E218A60B7D00CFD739 /* Supporting Files */ = {
			isa = PBXGroup;
			children = (
				01CFE4E318A60B7D00CFD739 /* YoutubePlayer-Info.plist */,
				01CFE4E418A60B7D00CFD739 /* InfoPlist.strings */,
				01CFE4E718A60B7D00CFD739 /* main.m */,
				01CFE4E918A60B7D00CFD739 /* YoutubePlayer-Prefix.pch */,
			);
			name = "Supporting Files";
			sourceTree = "<group>";
		};
		01CFE50018A60B7D00CFD739 /* YoutubePlayerTests */ = {
			isa = PBXGroup;
			children = (
				01CFE50618A60B7D00CFD739 /* YoutubePlayerTests.m */,
				01CFE50118A60B7D00CFD739 /* Supporting Files */,
			);
			path = YoutubePlayerTests;
			sourceTree = "<group>";
		};
		01CFE50118A60B7D00CFD739 /* Supporting Files */ = {
			isa = PBXGroup;
			children = (
				01CFE50218A60B7D00CFD739 /* YoutubePlayerTests-Info.plist */,
				01CFE50318A60B7D00CFD739 /* InfoPlist.strings */,
			);
			name = "Supporting Files";
			sourceTree = "<group>";
		};
/* End PBXGroup section */

/* Begin PBXNativeTarget section */
		01CFE4D718A60B7C00CFD739 /* YoutubePlayer */ = {
			isa = PBXNativeTarget;
			buildConfigurationList = 01CFE50A18A60B7D00CFD739 /* Build configuration list for PBXNativeTarget "YoutubePlayer" */;
			buildPhases = (
				01CFE4D418A60B7C00CFD739 /* Sources */,
				01CFE4D518A60B7C00CFD739 /* Frameworks */,
				01CFE4D618A60B7C00CFD739 /* Resources */,
			);
			buildRules = (
			);
			dependencies = (
			);
			name = YoutubePlayer;
			productName = YoutubePlayer;
			productReference = 01CFE4D818A60B7D00CFD739 /* YoutubePlayer.app */;
			productType = "com.apple.product-type.application";
		};
		01CFE4F818A60B7D00CFD739 /* YoutubePlayerTests */ = {
			isa = PBXNativeTarget;
			buildConfigurationList = 01CFE50D18A60B7D00CFD739 /* Build configuration list for PBXNativeTarget "YoutubePlayerTests" */;
			buildPhases = (
				01CFE4F518A60B7D00CFD739 /* Sources */,
				01CFE4F618A60B7D00CFD739 /* Frameworks */,
				01CFE4F718A60B7D00CFD739 /* Resources */,
			);
			buildRules = (
			);
			dependencies = (
				01CFE4FF18A60B7D00CFD739 /* PBXTargetDependency */,
			);
			name = YoutubePlayerTests;
			productName = YoutubePlayerTests;
			productReference = 01CFE4F918A60B7D00CFD739 /* YoutubePlayerTests.xctest */;
			productType = "com.apple.product-type.bundle.unit-test";
		};
/* End PBXNativeTarget section */

/* Begin PBXProject section */
		01CFE4D018A60B7C00CFD739 /* Project object */ = {
			isa = PBXProject;
			attributes = {
				LastUpgradeCheck = 0500;
				ORGANIZATIONNAME = xoyip;
				TargetAttributes = {
					01CFE4F818A60B7D00CFD739 = {
						TestTargetID = 01CFE4D718A60B7C00CFD739;
					};
				};
			};
			buildConfigurationList = 01CFE4D318A60B7C00CFD739 /* Build configuration list for PBXProject "YoutubePlayer" */;
			compatibilityVersion = "Xcode 3.2";
			developmentRegion = English;
			hasScannedForEncodings = 0;
			knownRegions = (
				en,
				Base,
			);
			mainGroup = 01CFE4CF18A60B7C00CFD739;
			productRefGroup = 01CFE4D918A60B7D00CFD739 /* Products */;
			projectDirPath = "";
			projectRoot = "";
			targets = (
				01CFE4D718A60B7C00CFD739 /* YoutubePlayer */,
				01CFE4F818A60B7D00CFD739 /* YoutubePlayerTests */,
			);
		};
/* End PBXProject section */

/* Begin PBXResourcesBuildPhase section */
		01CFE4D618A60B7C00CFD739 /* Resources */ = {
			isa = PBXResourcesBuildPhase;
			buildActionMask = 2147483647;
			files = (
				01CFE4F418A60B7D00CFD739 /* Images.xcassets in Resources */,
				01CFE4E618A60B7D00CFD739 /* InfoPlist.strings in Resources */,
				01CFE4EF18A60B7D00CFD739 /* Main.storyboard in Resources */,
			);
			runOnlyForDeploymentPostprocessing = 0;
		};
		01CFE4F718A60B7D00CFD739 /* Resources */ = {
			isa = PBXResourcesBuildPhase;
			buildActionMask = 2147483647;
			files = (
				01CFE50518A60B7D00CFD739 /* InfoPlist.strings in Resources */,
			);
			runOnlyForDeploymentPostprocessing = 0;
		};
/* End PBXResourcesBuildPhase section */

/* Begin PBXSourcesBuildPhase section */
		01CFE4D418A60B7C00CFD739 /* Sources */ = {
			isa = PBXSourcesBuildPhase;
			buildActionMask = 2147483647;
			files = (
				01CFE4F218A60B7D00CFD739 /* ViewController.m in Sources */,
				01CFE4EC18A60B7D00CFD739 /* AppDelegate.m in Sources */,
				01CFE4E818A60B7D00CFD739 /* main.m in Sources */,
			);
			runOnlyForDeploymentPostprocessing = 0;
		};
		01CFE4F518A60B7D00CFD739 /* Sources */ = {
			isa = PBXSourcesBuildPhase;
			buildActionMask = 2147483647;
			files = (
				01CFE50718A60B7D00CFD739 /* YoutubePlayerTests.m in Sources */,
			);
			runOnlyForDeploymentPostprocessing = 0;
		};
/* End PBXSourcesBuildPhase section */

/* Begin PBXTargetDependency section */
		01CFE4FF18A60B7D00CFD739 /* PBXTargetDependency */ = {
			isa = PBXTargetDependency;
			target = 01CFE4D718A60B7C00CFD739 /* YoutubePlayer */;
			targetProxy = 01CFE4FE18A60B7D00CFD739 /* PBXContainerItemProxy */;
		};
/* End PBXTargetDependency section */

/* Begin PBXVariantGroup section */
		01CFE4E418A60B7D00CFD739 /* InfoPlist.strings */ = {
			isa = PBXVariantGroup;
			children = (
				01CFE4E518A60B7D00CFD739 /* en */,
			);
			name = InfoPlist.strings;
			sourceTree = "<group>";
		};
		01CFE4ED18A60B7D00CFD739 /* Main.storyboard */ = {
			isa = PBXVariantGroup;
			children = (
				01CFE4EE18A60B7D00CFD739 /* Base */,
			);
			name = Main.storyboard;
			sourceTree = "<group>";
		};
		01CFE50318A60B7D00CFD739 /* InfoPlist.strings */ = {
			isa = PBXVariantGroup;
			children = (
				01CFE50418A60B7D00CFD739 /* en */,
			);
			name = InfoPlist.strings;
			sourceTree = "<group>";
		};
/* End PBXVariantGroup section */

/* Begin XCBuildConfiguration section */
		01CFE50818A60B7D00CFD739 /* Debug */ = {
			isa = XCBuildConfiguration;
			buildSettings = {
				ALWAYS_SEARCH_USER_PATHS = NO;
				ARCHS = "$(ARCHS_STANDARD_INCLUDING_64_BIT)";
				CLANG_CXX_LANGUAGE_STANDARD = "gnu++0x";
				CLANG_CXX_LIBRARY = "libc++";
				CLANG_ENABLE_MODULES = YES;
				CLANG_ENABLE_OBJC_ARC = YES;
				CLANG_WARN_BOOL_CONVERSION = YES;
				CLANG_WARN_CONSTANT_CONVERSION = YES;
				CLANG_WARN_DIRECT_OBJC_ISA_USAGE = YES_ERROR;
				CLANG_WARN_EMPTY_BODY = YES;
				CLANG_WARN_ENUM_CONVERSION = YES;
				CLANG_WARN_INT_CONVERSION = YES;
				CLANG_WARN_OBJC_ROOT_CLASS = YES_ERROR;
				CLANG_WARN__DUPLICATE_METHOD_MATCH = YES;
				"CODE_SIGN_IDENTITY[sdk=iphoneos*]" = "iPhone Developer";
				COPY_PHASE_STRIP = NO;
				GCC_C_LANGUAGE_STANDARD = gnu99;
				GCC_DYNAMIC_NO_PIC = NO;
				GCC_OPTIMIZATION_LEVEL = 0;
				GCC_PREPROCESSOR_DEFINITIONS = (
					"DEBUG=1",
					"$(inherited)",
				);
				GCC_SYMBOLS_PRIVATE_EXTERN = NO;
				GCC_WARN_64_TO_32_BIT_CONVERSION = YES;
				GCC_WARN_ABOUT_RETURN_TYPE = YES_ERROR;
				GCC_WARN_UNDECLARED_SELECTOR = YES;
				GCC_WARN_UNINITIALIZED_AUTOS = YES;
				GCC_WARN_UNUSED_FUNCTION = YES;
				GCC_WARN_UNUSED_VARIABLE = YES;
				IPHONEOS_DEPLOYMENT_TARGET = 7.0;
				ONLY_ACTIVE_ARCH = YES;
				SDKROOT = iphoneos;
			};
			name = Debug;
		};
		01CFE50918A60B7D00CFD739 /* Release */ = {
			isa = XCBuildConfiguration;
			buildSettings = {
				ALWAYS_SEARCH_USER_PATHS = NO;
				ARCHS = "$(ARCHS_STANDARD_INCLUDING_64_BIT)";
				CLANG_CXX_LANGUAGE_STANDARD = "gnu++0x";
				CLANG_CXX_LIBRARY = "libc++";
				CLANG_ENABLE_MODULES = YES;
				CLANG_ENABLE_OBJC_ARC = YES;
				CLANG_WARN_BOOL_CONVERSION = YES;
				CLANG_WARN_CONSTANT_CONVERSION = YES;
				CLANG_WARN_DIRECT_OBJC_ISA_USAGE = YES_ERROR;
				CLANG_WARN_EMPTY_BODY = YES;
				CLANG_WARN_ENUM_CONVERSION = YES;
				CLANG_WARN_INT_CONVERSION = YES;
				CLANG_WARN_OBJC_ROOT_CLASS = YES_ERROR;
				CLANG_WARN__DUPLICATE_METHOD_MATCH = YES;
				"CODE_SIGN_IDENTITY[sdk=iphoneos*]" = "iPhone Developer";
				COPY_PHASE_STRIP = YES;
				ENABLE_NS_ASSERTIONS = NO;
				GCC_C_LANGUAGE_STANDARD = gnu99;
				GCC_WARN_64_TO_32_BIT_CONVERSION = YES;
				GCC_WARN_ABOUT_RETURN_TYPE = YES_ERROR;
				GCC_WARN_UNDECLARED_SELECTOR = YES;
				GCC_WARN_UNINITIALIZED_AUTOS = YES;
				GCC_WARN_UNUSED_FUNCTION = YES;
				GCC_WARN_UNUSED_VARIABLE = YES;
				IPHONEOS_DEPLOYMENT_TARGET = 7.0;
				SDKROOT = iphoneos;
				VALIDATE_PRODUCT = YES;
			};
			name = Release;
		};
		01CFE50B18A60B7D00CFD739 /* Debug */ = {
			isa = XCBuildConfiguration;
			buildSettings = {
				ASSETCATALOG_COMPILER_APPICON_NAME = AppIcon;
				ASSETCATALOG_COMPILER_LAUNCHIMAGE_NAME = LaunchImage;
				GCC_PRECOMPILE_PREFIX_HEADER = YES;
				GCC_PREFIX_HEADER = "YoutubePlayer/YoutubePlayer-Prefix.pch";
				INFOPLIST_FILE = "YoutubePlayer/YoutubePlayer-Info.plist";
				PRODUCT_NAME = "$(TARGET_NAME)";
				WRAPPER_EXTENSION = app;
			};
			name = Debug;
		};
		01CFE50C18A60B7D00CFD739 /* Release */ = {
			isa = XCBuildConfiguration;
			buildSettings = {
				ASSETCATALOG_COMPILER_APPICON_NAME = AppIcon;
				ASSETCATALOG_COMPILER_LAUNCHIMAGE_NAME = LaunchImage;
				GCC_PRECOMPILE_PREFIX_HEADER = YES;
				GCC_PREFIX_HEADER = "YoutubePlayer/YoutubePlayer-Prefix.pch";
				INFOPLIST_FILE = "YoutubePlayer/YoutubePlayer-Info.plist";
				PRODUCT_NAME = "$(TARGET_NAME)";
				WRAPPER_EXTENSION = app;
			};
			name = Release;
		};
		01CFE50E18A60B7D00CFD739 /* Debug */ = {
			isa = XCBuildConfiguration;
			buildSettings = {
				ARCHS = "$(ARCHS_STANDARD_INCLUDING_64_BIT)";
				BUNDLE_LOADER = "$(BUILT_PRODUCTS_DIR)/YoutubePlayer.app/YoutubePlayer";
				FRAMEWORK_SEARCH_PATHS = (
					"$(SDKROOT)/Developer/Library/Frameworks",
					"$(inherited)",
					"$(DEVELOPER_FRAMEWORKS_DIR)",
				);
				GCC_PRECOMPILE_PREFIX_HEADER = YES;
				GCC_PREFIX_HEADER = "YoutubePlayer/YoutubePlayer-Prefix.pch";
				GCC_PREPROCESSOR_DEFINITIONS = (
					"DEBUG=1",
					"$(inherited)",
				);
				INFOPLIST_FILE = "YoutubePlayerTests/YoutubePlayerTests-Info.plist";
				PRODUCT_NAME = "$(TARGET_NAME)";
				TEST_HOST = "$(BUNDLE_LOADER)";
				WRAPPER_EXTENSION = xctest;
			};
			name = Debug;
		};
		01CFE50F18A60B7D00CFD739 /* Release */ = {
			isa = XCBuildConfiguration;
			buildSettings = {
				ARCHS = "$(ARCHS_STANDARD_INCLUDING_64_BIT)";
				BUNDLE_LOADER = "$(BUILT_PRODUCTS_DIR)/YoutubePlayer.app/YoutubePlayer";
				FRAMEWORK_SEARCH_PATHS = (
					"$(SDKROOT)/Developer/Library/Frameworks",
					"$(inherited)",
					"$(DEVELOPER_FRAMEWORKS_DIR)",
				);
				GCC_PRECOMPILE_PREFIX_HEADER = YES;
				GCC_PREFIX_HEADER = "YoutubePlayer/YoutubePlayer-Prefix.pch";
				INFOPLIST_FILE = "YoutubePlayerTests/YoutubePlayerTests-Info.plist";
				PRODUCT_NAME = "$(TARGET_NAME)";
				TEST_HOST = "$(BUNDLE_LOADER)";
				WRAPPER_EXTENSION = xctest;
			};
			name = Release;
		};
/* End XCBuildConfiguration section */

/* Begin XCConfigurationList section */
		01CFE4D318A60B7C00CFD739 /* Build configuration list for PBXProject "YoutubePlayer" */ = {
			isa = XCConfigurationList;
			buildConfigurations = (
				01CFE50818A60B7D00CFD739 /* Debug */,
				01CFE50918A60B7D00CFD739 /* Release */,
			);
			defaultConfigurationIsVisible = 0;
			defaultConfigurationName = Release;
		};
		01CFE50A18A60B7D00CFD739 /* Build configuration list for PBXNativeTarget "YoutubePlayer" */ = {
			isa = XCConfigurationList;
			buildConfigurations = (
				01CFE50B18A60B7D00CFD739 /* Debug */,
				01CFE50C18A60B7D00CFD739 /* Release */,
			);
			defaultConfigurationIsVisible = 0;
		};
		01CFE50D18A60B7D00CFD739 /* Build configuration list for PBXNativeTarget "YoutubePlayerTests" */ = {
			isa = XCConfigurationList;
			buildConfigurations = (
				01CFE50E18A60B7D00CFD739 /* Debug */,
				01CFE50F18A60B7D00CFD739 /* Release */,
			);
			defaultConfigurationIsVisible = 0;
		};
/* End XCConfigurationList section */
	};
	rootObject = 01CFE4D018A60B7C00CFD739 /* Project object */;
}
