// !$*UTF8*$!
{
	archiveVersion = 1;
	classes = {
	};
	objectVersion = 46;
	objects = {

/* Begin PBXBuildFile section */
		019D7A6018F2346C0025E4D8 /* Foundation.framework in Frameworks */ = {isa = PBXBuildFile; fileRef = 019D7A5F18F2346C0025E4D8 /* Foundation.framework */; };
		019D7A6218F2346C0025E4D8 /* CoreGraphics.framework in Frameworks */ = {isa = PBXBuildFile; fileRef = 019D7A6118F2346C0025E4D8 /* CoreGraphics.framework */; };
		019D7A6418F2346C0025E4D8 /* UIKit.framework in Frameworks */ = {isa = PBXBuildFile; fileRef = 019D7A6318F2346C0025E4D8 /* UIKit.framework */; };
		019D7A6A18F2346C0025E4D8 /* InfoPlist.strings in Resources */ = {isa = PBXBuildFile; fileRef = 019D7A6818F2346C0025E4D8 /* InfoPlist.strings */; };
		019D7A6C18F2346C0025E4D8 /* main.m in Sources */ = {isa = PBXBuildFile; fileRef = 019D7A6B18F2346C0025E4D8 /* main.m */; };
		019D7A7018F2346C0025E4D8 /* AppDelegate.m in Sources */ = {isa = PBXBuildFile; fileRef = 019D7A6F18F2346C0025E4D8 /* AppDelegate.m */; };
		019D7A7318F2346C0025E4D8 /* Main_iPhone.storyboard in Resources */ = {isa = PBXBuildFile; fileRef = 019D7A7118F2346C0025E4D8 /* Main_iPhone.storyboard */; };
		019D7A7618F2346C0025E4D8 /* Main_iPad.storyboard in Resources */ = {isa = PBXBuildFile; fileRef = 019D7A7418F2346C0025E4D8 /* Main_iPad.storyboard */; };
		019D7A7918F2346C0025E4D8 /* ViewController.m in Sources */ = {isa = PBXBuildFile; fileRef = 019D7A7818F2346C0025E4D8 /* ViewController.m */; };
		019D7A7B18F2346C0025E4D8 /* Images.xcassets in Resources */ = {isa = PBXBuildFile; fileRef = 019D7A7A18F2346C0025E4D8 /* Images.xcassets */; };
		019D7A8218F2346C0025E4D8 /* XCTest.framework in Frameworks */ = {isa = PBXBuildFile; fileRef = 019D7A8118F2346C0025E4D8 /* XCTest.framework */; };
		019D7A8318F2346C0025E4D8 /* Foundation.framework in Frameworks */ = {isa = PBXBuildFile; fileRef = 019D7A5F18F2346C0025E4D8 /* Foundation.framework */; };
		019D7A8418F2346C0025E4D8 /* UIKit.framework in Frameworks */ = {isa = PBXBuildFile; fileRef = 019D7A6318F2346C0025E4D8 /* UIKit.framework */; };
		019D7A8C18F2346C0025E4D8 /* InfoPlist.strings in Resources */ = {isa = PBXBuildFile; fileRef = 019D7A8A18F2346C0025E4D8 /* InfoPlist.strings */; };
		019D7A8E18F2346C0025E4D8 /* PhotoAppSampleTests.m in Sources */ = {isa = PBXBuildFile; fileRef = 019D7A8D18F2346C0025E4D8 /* PhotoAppSampleTests.m */; };
/* End PBXBuildFile section */

/* Begin PBXContainerItemProxy section */
		019D7A8518F2346C0025E4D8 /* PBXContainerItemProxy */ = {
			isa = PBXContainerItemProxy;
			containerPortal = 019D7A5418F2346C0025E4D8 /* Project object */;
			proxyType = 1;
			remoteGlobalIDString = 019D7A5B18F2346C0025E4D8;
			remoteInfo = PhotoAppSample;
		};
/* End PBXContainerItemProxy section */

/* Begin PBXFileReference section */
		019D7A5C18F2346C0025E4D8 /* PhotoAppSample.app */ = {isa = PBXFileReference; explicitFileType = wrapper.application; includeInIndex = 0; path = PhotoAppSample.app; sourceTree = BUILT_PRODUCTS_DIR; };
		019D7A5F18F2346C0025E4D8 /* Foundation.framework */ = {isa = PBXFileReference; lastKnownFileType = wrapper.framework; name = Foundation.framework; path = System/Library/Frameworks/Foundation.framework; sourceTree = SDKROOT; };
		019D7A6118F2346C0025E4D8 /* CoreGraphics.framework */ = {isa = PBXFileReference; lastKnownFileType = wrapper.framework; name = CoreGraphics.framework; path = System/Library/Frameworks/CoreGraphics.framework; sourceTree = SDKROOT; };
		019D7A6318F2346C0025E4D8 /* UIKit.framework */ = {isa = PBXFileReference; lastKnownFileType = wrapper.framework; name = UIKit.framework; path = System/Library/Frameworks/UIKit.framework; sourceTree = SDKROOT; };
		019D7A6718F2346C0025E4D8 /* PhotoAppSample-Info.plist */ = {isa = PBXFileReference; lastKnownFileType = text.plist.xml; path = "PhotoAppSample-Info.plist"; sourceTree = "<group>"; };
		019D7A6918F2346C0025E4D8 /* en */ = {isa = PBXFileReference; lastKnownFileType = text.plist.strings; name = en; path = en.lproj/InfoPlist.strings; sourceTree = "<group>"; };
		019D7A6B18F2346C0025E4D8 /* main.m */ = {isa = PBXFileReference; lastKnownFileType = sourcecode.c.objc; path = main.m; sourceTree = "<group>"; };
		019D7A6D18F2346C0025E4D8 /* PhotoAppSample-Prefix.pch */ = {isa = PBXFileReference; lastKnownFileType = sourcecode.c.h; path = "PhotoAppSample-Prefix.pch"; sourceTree = "<group>"; };
		019D7A6E18F2346C0025E4D8 /* AppDelegate.h */ = {isa = PBXFileReference; lastKnownFileType = sourcecode.c.h; path = AppDelegate.h; sourceTree = "<group>"; };
		019D7A6F18F2346C0025E4D8 /* AppDelegate.m */ = {isa = PBXFileReference; lastKnownFileType = sourcecode.c.objc; path = AppDelegate.m; sourceTree = "<group>"; };
		019D7A7218F2346C0025E4D8 /* Base */ = {isa = PBXFileReference; lastKnownFileType = file.storyboard; name = Base; path = Base.lproj/Main_iPhone.storyboard; sourceTree = "<group>"; };
		019D7A7518F2346C0025E4D8 /* Base */ = {isa = PBXFileReference; lastKnownFileType = file.storyboard; name = Base; path = Base.lproj/Main_iPad.storyboard; sourceTree = "<group>"; };
		019D7A7718F2346C0025E4D8 /* ViewController.h */ = {isa = PBXFileReference; lastKnownFileType = sourcecode.c.h; path = ViewController.h; sourceTree = "<group>"; };
		019D7A7818F2346C0025E4D8 /* ViewController.m */ = {isa = PBXFileReference; lastKnownFileType = sourcecode.c.objc; path = ViewController.m; sourceTree = "<group>"; };
		019D7A7A18F2346C0025E4D8 /* Images.xcassets */ = {isa = PBXFileReference; lastKnownFileType = folder.assetcatalog; path = Images.xcassets; sourceTree = "<group>"; };
		019D7A8018F2346C0025E4D8 /* PhotoAppSampleTests.xctest */ = {isa = PBXFileReference; explicitFileType = wrapper.cfbundle; includeInIndex = 0; path = PhotoAppSampleTests.xctest; sourceTree = BUILT_PRODUCTS_DIR; };
		019D7A8118F2346C0025E4D8 /* XCTest.framework */ = {isa = PBXFileReference; lastKnownFileType = wrapper.framework; name = XCTest.framework; path = Library/Frameworks/XCTest.framework; sourceTree = DEVELOPER_DIR; };
		019D7A8918F2346C0025E4D8 /* PhotoAppSampleTests-Info.plist */ = {isa = PBXFileReference; lastKnownFileType = text.plist.xml; path = "PhotoAppSampleTests-Info.plist"; sourceTree = "<group>"; };
		019D7A8B18F2346C0025E4D8 /* en */ = {isa = PBXFileReference; lastKnownFileType = text.plist.strings; name = en; path = en.lproj/InfoPlist.strings; sourceTree = "<group>"; };
		019D7A8D18F2346C0025E4D8 /* PhotoAppSampleTests.m */ = {isa = PBXFileReference; lastKnownFileType = sourcecode.c.objc; path = PhotoAppSampleTests.m; sourceTree = "<group>"; };
/* End PBXFileReference section */

/* Begin PBXFrameworksBuildPhase section */
		019D7A5918F2346C0025E4D8 /* Frameworks */ = {
			isa = PBXFrameworksBuildPhase;
			buildActionMask = 2147483647;
			files = (
				019D7A6218F2346C0025E4D8 /* CoreGraphics.framework in Frameworks */,
				019D7A6418F2346C0025E4D8 /* UIKit.framework in Frameworks */,
				019D7A6018F2346C0025E4D8 /* Foundation.framework in Frameworks */,
			);
			runOnlyForDeploymentPostprocessing = 0;
		};
		019D7A7D18F2346C0025E4D8 /* Frameworks */ = {
			isa = PBXFrameworksBuildPhase;
			buildActionMask = 2147483647;
			files = (
				019D7A8218F2346C0025E4D8 /* XCTest.framework in Frameworks */,
				019D7A8418F2346C0025E4D8 /* UIKit.framework in Frameworks */,
				019D7A8318F2346C0025E4D8 /* Foundation.framework in Frameworks */,
			);
			runOnlyForDeploymentPostprocessing = 0;
		};
/* End PBXFrameworksBuildPhase section */

/* Begin PBXGroup section */
		019D7A5318F2346C0025E4D8 = {
			isa = PBXGroup;
			children = (
				019D7A6518F2346C0025E4D8 /* PhotoAppSample */,
				019D7A8718F2346C0025E4D8 /* PhotoAppSampleTests */,
				019D7A5E18F2346C0025E4D8 /* Frameworks */,
				019D7A5D18F2346C0025E4D8 /* Products */,
			);
			sourceTree = "<group>";
		};
		019D7A5D18F2346C0025E4D8 /* Products */ = {
			isa = PBXGroup;
			children = (
				019D7A5C18F2346C0025E4D8 /* PhotoAppSample.app */,
				019D7A8018F2346C0025E4D8 /* PhotoAppSampleTests.xctest */,
			);
			name = Products;
			sourceTree = "<group>";
		};
		019D7A5E18F2346C0025E4D8 /* Frameworks */ = {
			isa = PBXGroup;
			children = (
				019D7A5F18F2346C0025E4D8 /* Foundation.framework */,
				019D7A6118F2346C0025E4D8 /* CoreGraphics.framework */,
				019D7A6318F2346C0025E4D8 /* UIKit.framework */,
				019D7A8118F2346C0025E4D8 /* XCTest.framework */,
			);
			name = Frameworks;
			sourceTree = "<group>";
		};
		019D7A6518F2346C0025E4D8 /* PhotoAppSample */ = {
			isa = PBXGroup;
			children = (
				019D7A6E18F2346C0025E4D8 /* AppDelegate.h */,
				019D7A6F18F2346C0025E4D8 /* AppDelegate.m */,
				019D7A7118F2346C0025E4D8 /* Main_iPhone.storyboard */,
				019D7A7418F2346C0025E4D8 /* Main_iPad.storyboard */,
				019D7A7718F2346C0025E4D8 /* ViewController.h */,
				019D7A7818F2346C0025E4D8 /* ViewController.m */,
				019D7A7A18F2346C0025E4D8 /* Images.xcassets */,
				019D7A6618F2346C0025E4D8 /* Supporting Files */,
			);
			path = PhotoAppSample;
			sourceTree = "<group>";
		};
		019D7A6618F2346C0025E4D8 /* Supporting Files */ = {
			isa = PBXGroup;
			children = (
				019D7A6718F2346C0025E4D8 /* PhotoAppSample-Info.plist */,
				019D7A6818F2346C0025E4D8 /* InfoPlist.strings */,
				019D7A6B18F2346C0025E4D8 /* main.m */,
				019D7A6D18F2346C0025E4D8 /* PhotoAppSample-Prefix.pch */,
			);
			name = "Supporting Files";
			sourceTree = "<group>";
		};
		019D7A8718F2346C0025E4D8 /* PhotoAppSampleTests */ = {
			isa = PBXGroup;
			children = (
				019D7A8D18F2346C0025E4D8 /* PhotoAppSampleTests.m */,
				019D7A8818F2346C0025E4D8 /* Supporting Files */,
			);
			path = PhotoAppSampleTests;
			sourceTree = "<group>";
		};
		019D7A8818F2346C0025E4D8 /* Supporting Files */ = {
			isa = PBXGroup;
			children = (
				019D7A8918F2346C0025E4D8 /* PhotoAppSampleTests-Info.plist */,
				019D7A8A18F2346C0025E4D8 /* InfoPlist.strings */,
			);
			name = "Supporting Files";
			sourceTree = "<group>";
		};
/* End PBXGroup section */

/* Begin PBXNativeTarget section */
		019D7A5B18F2346C0025E4D8 /* PhotoAppSample */ = {
			isa = PBXNativeTarget;
			buildConfigurationList = 019D7A9118F2346C0025E4D8 /* Build configuration list for PBXNativeTarget "PhotoAppSample" */;
			buildPhases = (
				019D7A5818F2346C0025E4D8 /* Sources */,
				019D7A5918F2346C0025E4D8 /* Frameworks */,
				019D7A5A18F2346C0025E4D8 /* Resources */,
			);
			buildRules = (
			);
			dependencies = (
			);
			name = PhotoAppSample;
			productName = PhotoAppSample;
			productReference = 019D7A5C18F2346C0025E4D8 /* PhotoAppSample.app */;
			productType = "com.apple.product-type.application";
		};
		019D7A7F18F2346C0025E4D8 /* PhotoAppSampleTests */ = {
			isa = PBXNativeTarget;
			buildConfigurationList = 019D7A9418F2346C0025E4D8 /* Build configuration list for PBXNativeTarget "PhotoAppSampleTests" */;
			buildPhases = (
				019D7A7C18F2346C0025E4D8 /* Sources */,
				019D7A7D18F2346C0025E4D8 /* Frameworks */,
				019D7A7E18F2346C0025E4D8 /* Resources */,
			);
			buildRules = (
			);
			dependencies = (
				019D7A8618F2346C0025E4D8 /* PBXTargetDependency */,
			);
			name = PhotoAppSampleTests;
			productName = PhotoAppSampleTests;
			productReference = 019D7A8018F2346C0025E4D8 /* PhotoAppSampleTests.xctest */;
			productType = "com.apple.product-type.bundle.unit-test";
		};
/* End PBXNativeTarget section */

/* Begin PBXProject section */
		019D7A5418F2346C0025E4D8 /* Project object */ = {
			isa = PBXProject;
			attributes = {
				LastUpgradeCheck = 0510;
				ORGANIZATIONNAME = xoyip;
				TargetAttributes = {
					019D7A7F18F2346C0025E4D8 = {
						TestTargetID = 019D7A5B18F2346C0025E4D8;
					};
				};
			};
			buildConfigurationList = 019D7A5718F2346C0025E4D8 /* Build configuration list for PBXProject "PhotoAppSample" */;
			compatibilityVersion = "Xcode 3.2";
			developmentRegion = English;
			hasScannedForEncodings = 0;
			knownRegions = (
				en,
				Base,
			);
			mainGroup = 019D7A5318F2346C0025E4D8;
			productRefGroup = 019D7A5D18F2346C0025E4D8 /* Products */;
			projectDirPath = "";
			projectRoot = "";
			targets = (
				019D7A5B18F2346C0025E4D8 /* PhotoAppSample */,
				019D7A7F18F2346C0025E4D8 /* PhotoAppSampleTests */,
			);
		};
/* End PBXProject section */

/* Begin PBXResourcesBuildPhase section */
		019D7A5A18F2346C0025E4D8 /* Resources */ = {
			isa = PBXResourcesBuildPhase;
			buildActionMask = 2147483647;
			files = (
				019D7A7618F2346C0025E4D8 /* Main_iPad.storyboard in Resources */,
				019D7A7B18F2346C0025E4D8 /* Images.xcassets in Resources */,
				019D7A7318F2346C0025E4D8 /* Main_iPhone.storyboard in Resources */,
				019D7A6A18F2346C0025E4D8 /* InfoPlist.strings in Resources */,
			);
			runOnlyForDeploymentPostprocessing = 0;
		};
		019D7A7E18F2346C0025E4D8 /* Resources */ = {
			isa = PBXResourcesBuildPhase;
			buildActionMask = 2147483647;
			files = (
				019D7A8C18F2346C0025E4D8 /* InfoPlist.strings in Resources */,
			);
			runOnlyForDeploymentPostprocessing = 0;
		};
/* End PBXResourcesBuildPhase section */

/* Begin PBXSourcesBuildPhase section */
		019D7A5818F2346C0025E4D8 /* Sources */ = {
			isa = PBXSourcesBuildPhase;
			buildActionMask = 2147483647;
			files = (
				019D7A7918F2346C0025E4D8 /* ViewController.m in Sources */,
				019D7A7018F2346C0025E4D8 /* AppDelegate.m in Sources */,
				019D7A6C18F2346C0025E4D8 /* main.m in Sources */,
			);
			runOnlyForDeploymentPostprocessing = 0;
		};
		019D7A7C18F2346C0025E4D8 /* Sources */ = {
			isa = PBXSourcesBuildPhase;
			buildActionMask = 2147483647;
			files = (
				019D7A8E18F2346C0025E4D8 /* PhotoAppSampleTests.m in Sources */,
			);
			runOnlyForDeploymentPostprocessing = 0;
		};
/* End PBXSourcesBuildPhase section */

/* Begin PBXTargetDependency section */
		019D7A8618F2346C0025E4D8 /* PBXTargetDependency */ = {
			isa = PBXTargetDependency;
			target = 019D7A5B18F2346C0025E4D8 /* PhotoAppSample */;
			targetProxy = 019D7A8518F2346C0025E4D8 /* PBXContainerItemProxy */;
		};
/* End PBXTargetDependency section */

/* Begin PBXVariantGroup section */
		019D7A6818F2346C0025E4D8 /* InfoPlist.strings */ = {
			isa = PBXVariantGroup;
			children = (
				019D7A6918F2346C0025E4D8 /* en */,
			);
			name = InfoPlist.strings;
			sourceTree = "<group>";
		};
		019D7A7118F2346C0025E4D8 /* Main_iPhone.storyboard */ = {
			isa = PBXVariantGroup;
			children = (
				019D7A7218F2346C0025E4D8 /* Base */,
			);
			name = Main_iPhone.storyboard;
			sourceTree = "<group>";
		};
		019D7A7418F2346C0025E4D8 /* Main_iPad.storyboard */ = {
			isa = PBXVariantGroup;
			children = (
				019D7A7518F2346C0025E4D8 /* Base */,
			);
			name = Main_iPad.storyboard;
			sourceTree = "<group>";
		};
		019D7A8A18F2346C0025E4D8 /* InfoPlist.strings */ = {
			isa = PBXVariantGroup;
			children = (
				019D7A8B18F2346C0025E4D8 /* en */,
			);
			name = InfoPlist.strings;
			sourceTree = "<group>";
		};
/* End PBXVariantGroup section */

/* Begin XCBuildConfiguration section */
		019D7A8F18F2346C0025E4D8 /* Debug */ = {
			isa = XCBuildConfiguration;
			buildSettings = {
				ALWAYS_SEARCH_USER_PATHS = NO;
				CLANG_CXX_LANGUAGE_STANDARD = "gnu++0x";
				CLANG_CXX_LIBRARY = "libc++";
				CLANG_ENABLE_MODULES = YES;
				CLANG_ENABLE_OBJC_ARC = YES;
				CLANG_WARN_BOOL_CONVERSION = YES;
				CLANG_WARN_CONSTANT_CONVERSION = YES;
				CLANG_WARN_DIRECT_OBJC_ISA_USAGE = YES_ERROR;
				CLANG_WARN_EMPTY_BODY = YES;
				CLANG_WARN_ENUM_CONVERSION = YES;
				CLANG_WARN_INT_CONVERSION = YES;
				CLANG_WARN_OBJC_ROOT_CLASS = YES_ERROR;
				CLANG_WARN__DUPLICATE_METHOD_MATCH = YES;
				"CODE_SIGN_IDENTITY[sdk=iphoneos*]" = "iPhone Developer";
				COPY_PHASE_STRIP = NO;
				GCC_C_LANGUAGE_STANDARD = gnu99;
				GCC_DYNAMIC_NO_PIC = NO;
				GCC_OPTIMIZATION_LEVEL = 0;
				GCC_PREPROCESSOR_DEFINITIONS = (
					"DEBUG=1",
					"$(inherited)",
				);
				GCC_SYMBOLS_PRIVATE_EXTERN = NO;
				GCC_WARN_64_TO_32_BIT_CONVERSION = YES;
				GCC_WARN_ABOUT_RETURN_TYPE = YES_ERROR;
				GCC_WARN_UNDECLARED_SELECTOR = YES;
				GCC_WARN_UNINITIALIZED_AUTOS = YES_AGGRESSIVE;
				GCC_WARN_UNUSED_FUNCTION = YES;
				GCC_WARN_UNUSED_VARIABLE = YES;
				IPHONEOS_DEPLOYMENT_TARGET = 7.1;
				ONLY_ACTIVE_ARCH = YES;
				SDKROOT = iphoneos;
				TARGETED_DEVICE_FAMILY = "1,2";
			};
			name = Debug;
		};
		019D7A9018F2346C0025E4D8 /* Release */ = {
			isa = XCBuildConfiguration;
			buildSettings = {
				ALWAYS_SEARCH_USER_PATHS = NO;
				CLANG_CXX_LANGUAGE_STANDARD = "gnu++0x";
				CLANG_CXX_LIBRARY = "libc++";
				CLANG_ENABLE_MODULES = YES;
				CLANG_ENABLE_OBJC_ARC = YES;
				CLANG_WARN_BOOL_CONVERSION = YES;
				CLANG_WARN_CONSTANT_CONVERSION = YES;
				CLANG_WARN_DIRECT_OBJC_ISA_USAGE = YES_ERROR;
				CLANG_WARN_EMPTY_BODY = YES;
				CLANG_WARN_ENUM_CONVERSION = YES;
				CLANG_WARN_INT_CONVERSION = YES;
				CLANG_WARN_OBJC_ROOT_CLASS = YES_ERROR;
				CLANG_WARN__DUPLICATE_METHOD_MATCH = YES;
				"CODE_SIGN_IDENTITY[sdk=iphoneos*]" = "iPhone Developer";
				COPY_PHASE_STRIP = YES;
				ENABLE_NS_ASSERTIONS = NO;
				GCC_C_LANGUAGE_STANDARD = gnu99;
				GCC_WARN_64_TO_32_BIT_CONVERSION = YES;
				GCC_WARN_ABOUT_RETURN_TYPE = YES_ERROR;
				GCC_WARN_UNDECLARED_SELECTOR = YES;
				GCC_WARN_UNINITIALIZED_AUTOS = YES_AGGRESSIVE;
				GCC_WARN_UNUSED_FUNCTION = YES;
				GCC_WARN_UNUSED_VARIABLE = YES;
				IPHONEOS_DEPLOYMENT_TARGET = 7.1;
				SDKROOT = iphoneos;
				TARGETED_DEVICE_FAMILY = "1,2";
				VALIDATE_PRODUCT = YES;
			};
			name = Release;
		};
		019D7A9218F2346C0025E4D8 /* Debug */ = {
			isa = XCBuildConfiguration;
			buildSettings = {
				ASSETCATALOG_COMPILER_APPICON_NAME = AppIcon;
				ASSETCATALOG_COMPILER_LAUNCHIMAGE_NAME = LaunchImage;
				GCC_PRECOMPILE_PREFIX_HEADER = YES;
				GCC_PREFIX_HEADER = "PhotoAppSample/PhotoAppSample-Prefix.pch";
				INFOPLIST_FILE = "PhotoAppSample/PhotoAppSample-Info.plist";
				PRODUCT_NAME = "$(TARGET_NAME)";
				WRAPPER_EXTENSION = app;
			};
			name = Debug;
		};
		019D7A9318F2346C0025E4D8 /* Release */ = {
			isa = XCBuildConfiguration;
			buildSettings = {
				ASSETCATALOG_COMPILER_APPICON_NAME = AppIcon;
				ASSETCATALOG_COMPILER_LAUNCHIMAGE_NAME = LaunchImage;
				GCC_PRECOMPILE_PREFIX_HEADER = YES;
				GCC_PREFIX_HEADER = "PhotoAppSample/PhotoAppSample-Prefix.pch";
				INFOPLIST_FILE = "PhotoAppSample/PhotoAppSample-Info.plist";
				PRODUCT_NAME = "$(TARGET_NAME)";
				WRAPPER_EXTENSION = app;
			};
			name = Release;
		};
		019D7A9518F2346C0025E4D8 /* Debug */ = {
			isa = XCBuildConfiguration;
			buildSettings = {
				BUNDLE_LOADER = "$(BUILT_PRODUCTS_DIR)/PhotoAppSample.app/PhotoAppSample";
				FRAMEWORK_SEARCH_PATHS = (
					"$(SDKROOT)/Developer/Library/Frameworks",
					"$(inherited)",
					"$(DEVELOPER_FRAMEWORKS_DIR)",
				);
				GCC_PRECOMPILE_PREFIX_HEADER = YES;
				GCC_PREFIX_HEADER = "PhotoAppSample/PhotoAppSample-Prefix.pch";
				GCC_PREPROCESSOR_DEFINITIONS = (
					"DEBUG=1",
					"$(inherited)",
				);
				INFOPLIST_FILE = "PhotoAppSampleTests/PhotoAppSampleTests-Info.plist";
				PRODUCT_NAME = "$(TARGET_NAME)";
				TEST_HOST = "$(BUNDLE_LOADER)";
				WRAPPER_EXTENSION = xctest;
			};
			name = Debug;
		};
		019D7A9618F2346C0025E4D8 /* Release */ = {
			isa = XCBuildConfiguration;
			buildSettings = {
				BUNDLE_LOADER = "$(BUILT_PRODUCTS_DIR)/PhotoAppSample.app/PhotoAppSample";
				FRAMEWORK_SEARCH_PATHS = (
					"$(SDKROOT)/Developer/Library/Frameworks",
					"$(inherited)",
					"$(DEVELOPER_FRAMEWORKS_DIR)",
				);
				GCC_PRECOMPILE_PREFIX_HEADER = YES;
				GCC_PREFIX_HEADER = "PhotoAppSample/PhotoAppSample-Prefix.pch";
				INFOPLIST_FILE = "PhotoAppSampleTests/PhotoAppSampleTests-Info.plist";
				PRODUCT_NAME = "$(TARGET_NAME)";
				TEST_HOST = "$(BUNDLE_LOADER)";
				WRAPPER_EXTENSION = xctest;
			};
			name = Release;
		};
/* End XCBuildConfiguration section */

/* Begin XCConfigurationList section */
		019D7A5718F2346C0025E4D8 /* Build configuration list for PBXProject "PhotoAppSample" */ = {
			isa = XCConfigurationList;
			buildConfigurations = (
				019D7A8F18F2346C0025E4D8 /* Debug */,
				019D7A9018F2346C0025E4D8 /* Release */,
			);
			defaultConfigurationIsVisible = 0;
			defaultConfigurationName = Release;
		};
		019D7A9118F2346C0025E4D8 /* Build configuration list for PBXNativeTarget "PhotoAppSample" */ = {
			isa = XCConfigurationList;
			buildConfigurations = (
				019D7A9218F2346C0025E4D8 /* Debug */,
				019D7A9318F2346C0025E4D8 /* Release */,
			);
			defaultConfigurationIsVisible = 0;
		};
		019D7A9418F2346C0025E4D8 /* Build configuration list for PBXNativeTarget "PhotoAppSampleTests" */ = {
			isa = XCConfigurationList;
			buildConfigurations = (
				019D7A9518F2346C0025E4D8 /* Debug */,
				019D7A9618F2346C0025E4D8 /* Release */,
			);
			defaultConfigurationIsVisible = 0;
		};
/* End XCConfigurationList section */
	};
	rootObject = 019D7A5418F2346C0025E4D8 /* Project object */;
}
